
Microsoft Visual Studio Solution File, Format Version 12.00
# Visual Studio Version 17
VisualStudioVersion = 17.3.32811.315
MinimumVisualStudioVersion = 10.0.40219.1
Project("{FAE04EC0-301F-11D3-BF4B-00C04F79EFBC}") = "View", "MVCTEST\View.csproj", "{32C83827-4E46-4339-A8E3-7C7CD971A174}"
EndProject
Project("{FAE04EC0-301F-11D3-BF4B-00C04F79EFBC}") = "DTO", "DTO\DTO.csproj", "{4A3C19ED-DED4-4538-8DDC-F5769BF34BED}"
EndProject
Project("{FAE04EC0-301F-11D3-BF4B-00C04F79EFBC}") = "DAL", "DAL\DAL.csproj", "{54274437-149B-4DBB-804F-6F335A1006AF}"
EndProject
Project("{FAE04EC0-301F-11D3-BF4B-00C04F79EFBC}") = "BAL", "BAL\BAL.csproj", "{14CEA101-E1B0-4F44-9E4D-6C6F0055C512}"
EndProject
Global
	GlobalSection(SolutionConfigurationPlatforms) = preSolution
		Debug|Any CPU = Debug|Any CPU
		Release|Any CPU = Release|Any CPU
	EndGlobalSection
	GlobalSection(ProjectConfigurationPlatforms) = postSolution
		{32C83827-4E46-4339-A8E3-7C7CD971A174}.Debug|Any CPU.ActiveCfg = Debug|Any CPU
		{32C83827-4E46-4339-A8E3-7C7CD971A174}.Debug|Any CPU.Build.0 = Debug|Any CPU
		{32C83827-4E46-4339-A8E3-7C7CD971A174}.Release|Any CPU.ActiveCfg = Release|Any CPU
		{32C83827-4E46-4339-A8E3-7C7CD971A174}.Release|Any CPU.Build.0 = Release|Any CPU
		{4A3C19ED-DED4-4538-8DDC-F5769BF34BED}.Debug|Any CPU.ActiveCfg = Debug|Any CPU
		{4A3C19ED-DED4-4538-8DDC-F5769BF34BED}.Debug|Any CPU.Build.0 = Debug|Any CPU
		{4A3C19ED-DED4-4538-8DDC-F5769BF34BED}.Release|Any CPU.ActiveCfg = Release|Any CPU
		{4A3C19ED-DED4-4538-8DDC-F5769BF34BED}.Release|Any CPU.Build.0 = Release|Any CPU
		{54274437-149B-4DBB-804F-6F335A1006AF}.Debug|Any CPU.ActiveCfg = Debug|Any CPU
		{54274437-149B-4DBB-804F-6F335A1006AF}.Debug|Any CPU.Build.0 = Debug|Any CPU
		{54274437-149B-4DBB-804F-6F335A1006AF}.Release|Any CPU.ActiveCfg = Release|Any CPU
		{54274437-149B-4DBB-804F-6F335A1006AF}.Release|Any CPU.Build.0 = Release|Any CPU
		{14CEA101-E1B0-4F44-9E4D-6C6F0055C512}.Debug|Any CPU.ActiveCfg = Debug|Any CPU
		{14CEA101-E1B0-4F44-9E4D-6C6F0055C512}.Debug|Any CPU.Build.0 = Debug|Any CPU
		{14CEA101-E1B0-4F44-9E4D-6C6F0055C512}.Release|Any CPU.ActiveCfg = Release|Any CPU
		{14CEA101-E1B0-4F44-9E4D-6C6F0055C512}.Release|Any CPU.Build.0 = Release|Any CPU
	EndGlobalSection
	GlobalSection(SolutionProperties) = preSolution
		HideSolutionNode = FALSE
	EndGlobalSection
	GlobalSection(ExtensibilityGlobals) = postSolution
		SolutionGuid = {495AEEA7-E14E-432F-B0C8-381DB1821954}
	EndGlobalSection
EndGlobal
